
Microsoft Visual Studio Solution File, Format Version 12.00
# Visual Studio Version 17
VisualStudioVersion = 17.4.33213.308
MinimumVisualStudioVersion = 10.0.40219.1
Project("{2150E333-8FDC-42A3-9474-1A3956D46DE8}") = "MicroServices", "MicroServices", "{2E5FFC90-424A-4384-BAC9-ED13B6E5BACC}"
EndProject
Project("{9A19103F-16F7-4668-BE54-9A1E7A4F7556}") = "CustomerWebApi", "CustomerWebApi\CustomerWebApi.csproj", "{BBBC00F1-3655-42A1-8562-1EFD984339E9}"
EndProject
Project("{E53339B2-1760-4266-BCC7-CA923CBCF16C}") = "docker-compose", "docker-compose.dcproj", "{3B6C00AC-5E19-4F40-92D1-FDE5106302DF}"
EndProject
Project("{2150E333-8FDC-42A3-9474-1A3956D46DE8}") = "Product", "Product", "{28970F2E-4836-4C18-8177-E3858A75DCB0}"
EndProject
Project("{9A19103F-16F7-4668-BE54-9A1E7A4F7556}") = "Product.domain", "Product\Product.domain\Product.domain.csproj", "{01C6BA9C-6FFA-412A-9580-9E23F61FDD65}"
EndProject
Project("{9A19103F-16F7-4668-BE54-9A1E7A4F7556}") = "Product.Infrastructure", "Product\Product.Infrastructure\Product.Infrastructure.csproj", "{A1663772-7437-4068-9D84-CA7BAB329E67}"
EndProject
Project("{9A19103F-16F7-4668-BE54-9A1E7A4F7556}") = "Product.Application", "Product\Product.Application\Product.Application.csproj", "{322855B6-87EC-4ADF-B75B-61AB759A48E4}"
EndProject
Project("{9A19103F-16F7-4668-BE54-9A1E7A4F7556}") = "Product-API", "Product\Product-API\Product-API.csproj", "{16224B1D-73D5-4AF1-9F67-0E87BA1189E0}"
EndProject
Project("{2150E333-8FDC-42A3-9474-1A3956D46DE8}") = "Order", "Order", "{FD7284A8-A2AD-4E4F-8806-C7348EBD9D1D}"
EndProject
Project("{9A19103F-16F7-4668-BE54-9A1E7A4F7556}") = "Order.Domain", "Order\Order.Domain\Order.Domain.csproj", "{A8C83AA1-5554-4F04-B24D-4D4B133D5FFD}"
EndProject
Project("{9A19103F-16F7-4668-BE54-9A1E7A4F7556}") = "Order.Infrastructure", "Order\Order.Infrastructure\Order.Infrastructure.csproj", "{EEE2B086-DBC5-4D7B-B545-414AA64637EA}"
EndProject
Project("{9A19103F-16F7-4668-BE54-9A1E7A4F7556}") = "Order.Application", "Order\Order.Application\Order.Application.csproj", "{4EE1FD35-D36D-432A-BFC3-3920D5322CE2}"
EndProject
Project("{9A19103F-16F7-4668-BE54-9A1E7A4F7556}") = "Order.Api", "Order\Order.Api\Order.Api.csproj", "{ECA11CDE-9F47-4579-AE8F-9243AA1AF054}"
EndProject
Project("{2150E333-8FDC-42A3-9474-1A3956D46DE8}") = "ApiGateWay", "ApiGateWay", "{89927184-1F9B-4EED-A227-743D65ACCE0B}"
EndProject
Project("{9A19103F-16F7-4668-BE54-9A1E7A4F7556}") = "ApiGateWay", "ApiGateWay\ApiGateWay.csproj", "{C58751B4-4566-4CFC-91D5-9DDCF71F99A6}"
EndProject
Project("{9A19103F-16F7-4668-BE54-9A1E7A4F7556}") = "JwtAuthenticationManager", "JwtAuthenticationManager\JwtAuthenticationManager.csproj", "{897AB767-E254-48AE-B99D-4E232EF0F712}"
EndProject
Project("{2150E333-8FDC-42A3-9474-1A3956D46DE8}") = "Identity", "Identity", "{013173A4-6844-4845-B8DF-A92539891E77}"
EndProject
Project("{9A19103F-16F7-4668-BE54-9A1E7A4F7556}") = "Identity.Domain", "Identity\Identity.Domain\Identity.Domain.csproj", "{C88377A6-7668-448C-BFFD-8C1548336603}"
EndProject
Project("{9A19103F-16F7-4668-BE54-9A1E7A4F7556}") = "Identity.Insfrastructure", "Identity\Identity.Insfrastructure\Identity.Insfrastructure.csproj", "{AEA84E79-5716-4CBF-85DF-5B29A6A2474C}"
EndProject
Project("{9A19103F-16F7-4668-BE54-9A1E7A4F7556}") = "Identity.Application", "Identity\Identity.Application\Identity.Application.csproj", "{55EFDF21-7F64-4558-BE1F-5B808A740C86}"
EndProject
Project("{9A19103F-16F7-4668-BE54-9A1E7A4F7556}") = "Identity-API", "Identity\Identity-API\Identity-API.csproj", "{21646A2A-A58B-4DBC-AB2A-978876403458}"
EndProject
Project("{9A19103F-16F7-4668-BE54-9A1E7A4F7556}") = "Identity.Migrations", "Identity\Identity.Migrations\Identity.Migrations.csproj", "{AF07FD78-18C2-4B73-A0D3-96233BEC2E6B}"
EndProject
Project("{2150E333-8FDC-42A3-9474-1A3956D46DE8}") = "RabbitMqServices", "RabbitMqServices", "{EB84C0B6-8350-4B08-9F2B-21C764E74C69}"
EndProject
Project("{9A19103F-16F7-4668-BE54-9A1E7A4F7556}") = "RabbitMq.Services", "RabbitMq\RabbitMq\RabbitMq.Services.csproj", "{41D4855D-337E-4DE9-B63F-41F966C3606E}"
EndProject
Project("{9A19103F-16F7-4668-BE54-9A1E7A4F7556}") = "Order.Migrations", "Order\Order.Migrations\Order.Migrations.csproj", "{3C82FEB6-DEC1-437C-B17D-1E018B4CA166}"
EndProject
Project("{9A19103F-16F7-4668-BE54-9A1E7A4F7556}") = "product.Migrations", "Product\product.Migrations\product.Migrations.csproj", "{A08632F3-95E8-4992-AD26-212CD060AC75}"
EndProject
Project("{2150E333-8FDC-42A3-9474-1A3956D46DE8}") = "Solution Items", "Solution Items", "{0E9C0D10-FA9A-400A-82F2-692CC03DFCED}"
	ProjectSection(SolutionItems) = preProject
		.editorconfig = .editorconfig
	EndProjectSection
EndProject
Global
	GlobalSection(SolutionConfigurationPlatforms) = preSolution
		Debug|Any CPU = Debug|Any CPU
		Release|Any CPU = Release|Any CPU
	EndGlobalSection
	GlobalSection(ProjectConfigurationPlatforms) = postSolution
		{BBBC00F1-3655-42A1-8562-1EFD984339E9}.Debug|Any CPU.ActiveCfg = Debug|Any CPU
		{BBBC00F1-3655-42A1-8562-1EFD984339E9}.Debug|Any CPU.Build.0 = Debug|Any CPU
		{BBBC00F1-3655-42A1-8562-1EFD984339E9}.Release|Any CPU.ActiveCfg = Release|Any CPU
		{BBBC00F1-3655-42A1-8562-1EFD984339E9}.Release|Any CPU.Build.0 = Release|Any CPU
		{3B6C00AC-5E19-4F40-92D1-FDE5106302DF}.Debug|Any CPU.ActiveCfg = Debug|Any CPU
		{3B6C00AC-5E19-4F40-92D1-FDE5106302DF}.Debug|Any CPU.Build.0 = Debug|Any CPU
		{3B6C00AC-5E19-4F40-92D1-FDE5106302DF}.Release|Any CPU.ActiveCfg = Release|Any CPU
		{3B6C00AC-5E19-4F40-92D1-FDE5106302DF}.Release|Any CPU.Build.0 = Release|Any CPU
		{01C6BA9C-6FFA-412A-9580-9E23F61FDD65}.Debug|Any CPU.ActiveCfg = Debug|Any CPU
		{01C6BA9C-6FFA-412A-9580-9E23F61FDD65}.Debug|Any CPU.Build.0 = Debug|Any CPU
		{01C6BA9C-6FFA-412A-9580-9E23F61FDD65}.Release|Any CPU.ActiveCfg = Release|Any CPU
		{01C6BA9C-6FFA-412A-9580-9E23F61FDD65}.Release|Any CPU.Build.0 = Release|Any CPU
		{A1663772-7437-4068-9D84-CA7BAB329E67}.Debug|Any CPU.ActiveCfg = Debug|Any CPU
		{A1663772-7437-4068-9D84-CA7BAB329E67}.Debug|Any CPU.Build.0 = Debug|Any CPU
		{A1663772-7437-4068-9D84-CA7BAB329E67}.Release|Any CPU.ActiveCfg = Release|Any CPU
		{A1663772-7437-4068-9D84-CA7BAB329E67}.Release|Any CPU.Build.0 = Release|Any CPU
		{322855B6-87EC-4ADF-B75B-61AB759A48E4}.Debug|Any CPU.ActiveCfg = Debug|Any CPU
		{322855B6-87EC-4ADF-B75B-61AB759A48E4}.Debug|Any CPU.Build.0 = Debug|Any CPU
		{322855B6-87EC-4ADF-B75B-61AB759A48E4}.Release|Any CPU.ActiveCfg = Release|Any CPU
		{322855B6-87EC-4ADF-B75B-61AB759A48E4}.Release|Any CPU.Build.0 = Release|Any CPU
		{16224B1D-73D5-4AF1-9F67-0E87BA1189E0}.Debug|Any CPU.ActiveCfg = Debug|Any CPU
		{16224B1D-73D5-4AF1-9F67-0E87BA1189E0}.Debug|Any CPU.Build.0 = Debug|Any CPU
		{16224B1D-73D5-4AF1-9F67-0E87BA1189E0}.Release|Any CPU.ActiveCfg = Release|Any CPU
		{16224B1D-73D5-4AF1-9F67-0E87BA1189E0}.Release|Any CPU.Build.0 = Release|Any CPU
		{A8C83AA1-5554-4F04-B24D-4D4B133D5FFD}.Debug|Any CPU.ActiveCfg = Debug|Any CPU
		{A8C83AA1-5554-4F04-B24D-4D4B133D5FFD}.Debug|Any CPU.Build.0 = Debug|Any CPU
		{A8C83AA1-5554-4F04-B24D-4D4B133D5FFD}.Release|Any CPU.ActiveCfg = Release|Any CPU
		{A8C83AA1-5554-4F04-B24D-4D4B133D5FFD}.Release|Any CPU.Build.0 = Release|Any CPU
		{EEE2B086-DBC5-4D7B-B545-414AA64637EA}.Debug|Any CPU.ActiveCfg = Debug|Any CPU
		{EEE2B086-DBC5-4D7B-B545-414AA64637EA}.Debug|Any CPU.Build.0 = Debug|Any CPU
		{EEE2B086-DBC5-4D7B-B545-414AA64637EA}.Release|Any CPU.ActiveCfg = Release|Any CPU
		{EEE2B086-DBC5-4D7B-B545-414AA64637EA}.Release|Any CPU.Build.0 = Release|Any CPU
		{4EE1FD35-D36D-432A-BFC3-3920D5322CE2}.Debug|Any CPU.ActiveCfg = Debug|Any CPU
		{4EE1FD35-D36D-432A-BFC3-3920D5322CE2}.Debug|Any CPU.Build.0 = Debug|Any CPU
		{4EE1FD35-D36D-432A-BFC3-3920D5322CE2}.Release|Any CPU.ActiveCfg = Release|Any CPU
		{4EE1FD35-D36D-432A-BFC3-3920D5322CE2}.Release|Any CPU.Build.0 = Release|Any CPU
		{ECA11CDE-9F47-4579-AE8F-9243AA1AF054}.Debug|Any CPU.ActiveCfg = Debug|Any CPU
		{ECA11CDE-9F47-4579-AE8F-9243AA1AF054}.Debug|Any CPU.Build.0 = Debug|Any CPU
		{ECA11CDE-9F47-4579-AE8F-9243AA1AF054}.Release|Any CPU.ActiveCfg = Release|Any CPU
		{ECA11CDE-9F47-4579-AE8F-9243AA1AF054}.Release|Any CPU.Build.0 = Release|Any CPU
		{C58751B4-4566-4CFC-91D5-9DDCF71F99A6}.Debug|Any CPU.ActiveCfg = Debug|Any CPU
		{C58751B4-4566-4CFC-91D5-9DDCF71F99A6}.Debug|Any CPU.Build.0 = Debug|Any CPU
		{C58751B4-4566-4CFC-91D5-9DDCF71F99A6}.Release|Any CPU.ActiveCfg = Release|Any CPU
		{C58751B4-4566-4CFC-91D5-9DDCF71F99A6}.Release|Any CPU.Build.0 = Release|Any CPU
		{897AB767-E254-48AE-B99D-4E232EF0F712}.Debug|Any CPU.ActiveCfg = Debug|Any CPU
		{897AB767-E254-48AE-B99D-4E232EF0F712}.Debug|Any CPU.Build.0 = Debug|Any CPU
		{897AB767-E254-48AE-B99D-4E232EF0F712}.Release|Any CPU.ActiveCfg = Release|Any CPU
		{897AB767-E254-48AE-B99D-4E232EF0F712}.Release|Any CPU.Build.0 = Release|Any CPU
		{C88377A6-7668-448C-BFFD-8C1548336603}.Debug|Any CPU.ActiveCfg = Debug|Any CPU
		{C88377A6-7668-448C-BFFD-8C1548336603}.Debug|Any CPU.Build.0 = Debug|Any CPU
		{C88377A6-7668-448C-BFFD-8C1548336603}.Release|Any CPU.ActiveCfg = Release|Any CPU
		{C88377A6-7668-448C-BFFD-8C1548336603}.Release|Any CPU.Build.0 = Release|Any CPU
		{AEA84E79-5716-4CBF-85DF-5B29A6A2474C}.Debug|Any CPU.ActiveCfg = Debug|Any CPU
		{AEA84E79-5716-4CBF-85DF-5B29A6A2474C}.Debug|Any CPU.Build.0 = Debug|Any CPU
		{AEA84E79-5716-4CBF-85DF-5B29A6A2474C}.Release|Any CPU.ActiveCfg = Release|Any CPU
		{AEA84E79-5716-4CBF-85DF-5B29A6A2474C}.Release|Any CPU.Build.0 = Release|Any CPU
		{55EFDF21-7F64-4558-BE1F-5B808A740C86}.Debug|Any CPU.ActiveCfg = Debug|Any CPU
		{55EFDF21-7F64-4558-BE1F-5B808A740C86}.Debug|Any CPU.Build.0 = Debug|Any CPU
		{55EFDF21-7F64-4558-BE1F-5B808A740C86}.Release|Any CPU.ActiveCfg = Release|Any CPU
		{55EFDF21-7F64-4558-BE1F-5B808A740C86}.Release|Any CPU.Build.0 = Release|Any CPU
		{21646A2A-A58B-4DBC-AB2A-978876403458}.Debug|Any CPU.ActiveCfg = Debug|Any CPU
		{21646A2A-A58B-4DBC-AB2A-978876403458}.Debug|Any CPU.Build.0 = Debug|Any CPU
		{21646A2A-A58B-4DBC-AB2A-978876403458}.Release|Any CPU.ActiveCfg = Release|Any CPU
		{21646A2A-A58B-4DBC-AB2A-978876403458}.Release|Any CPU.Build.0 = Release|Any CPU
		{AF07FD78-18C2-4B73-A0D3-96233BEC2E6B}.Debug|Any CPU.ActiveCfg = Debug|Any CPU
		{AF07FD78-18C2-4B73-A0D3-96233BEC2E6B}.Debug|Any CPU.Build.0 = Debug|Any CPU
		{AF07FD78-18C2-4B73-A0D3-96233BEC2E6B}.Release|Any CPU.ActiveCfg = Release|Any CPU
		{AF07FD78-18C2-4B73-A0D3-96233BEC2E6B}.Release|Any CPU.Build.0 = Release|Any CPU
		{41D4855D-337E-4DE9-B63F-41F966C3606E}.Debug|Any CPU.ActiveCfg = Debug|Any CPU
		{41D4855D-337E-4DE9-B63F-41F966C3606E}.Debug|Any CPU.Build.0 = Debug|Any CPU
		{41D4855D-337E-4DE9-B63F-41F966C3606E}.Release|Any CPU.ActiveCfg = Release|Any CPU
		{41D4855D-337E-4DE9-B63F-41F966C3606E}.Release|Any CPU.Build.0 = Release|Any CPU
		{3C82FEB6-DEC1-437C-B17D-1E018B4CA166}.Debug|Any CPU.ActiveCfg = Debug|Any CPU
		{3C82FEB6-DEC1-437C-B17D-1E018B4CA166}.Debug|Any CPU.Build.0 = Debug|Any CPU
		{3C82FEB6-DEC1-437C-B17D-1E018B4CA166}.Release|Any CPU.ActiveCfg = Release|Any CPU
		{3C82FEB6-DEC1-437C-B17D-1E018B4CA166}.Release|Any CPU.Build.0 = Release|Any CPU
		{A08632F3-95E8-4992-AD26-212CD060AC75}.Debug|Any CPU.ActiveCfg = Debug|Any CPU
		{A08632F3-95E8-4992-AD26-212CD060AC75}.Debug|Any CPU.Build.0 = Debug|Any CPU
		{A08632F3-95E8-4992-AD26-212CD060AC75}.Release|Any CPU.ActiveCfg = Release|Any CPU
		{A08632F3-95E8-4992-AD26-212CD060AC75}.Release|Any CPU.Build.0 = Release|Any CPU
	EndGlobalSection
	GlobalSection(SolutionProperties) = preSolution
		HideSolutionNode = FALSE
	EndGlobalSection
	GlobalSection(NestedProjects) = preSolution
		{BBBC00F1-3655-42A1-8562-1EFD984339E9} = {2E5FFC90-424A-4384-BAC9-ED13B6E5BACC}
		{28970F2E-4836-4C18-8177-E3858A75DCB0} = {2E5FFC90-424A-4384-BAC9-ED13B6E5BACC}
		{01C6BA9C-6FFA-412A-9580-9E23F61FDD65} = {28970F2E-4836-4C18-8177-E3858A75DCB0}
		{A1663772-7437-4068-9D84-CA7BAB329E67} = {28970F2E-4836-4C18-8177-E3858A75DCB0}
		{322855B6-87EC-4ADF-B75B-61AB759A48E4} = {28970F2E-4836-4C18-8177-E3858A75DCB0}
		{16224B1D-73D5-4AF1-9F67-0E87BA1189E0} = {28970F2E-4836-4C18-8177-E3858A75DCB0}
		{FD7284A8-A2AD-4E4F-8806-C7348EBD9D1D} = {2E5FFC90-424A-4384-BAC9-ED13B6E5BACC}
		{A8C83AA1-5554-4F04-B24D-4D4B133D5FFD} = {FD7284A8-A2AD-4E4F-8806-C7348EBD9D1D}
		{EEE2B086-DBC5-4D7B-B545-414AA64637EA} = {FD7284A8-A2AD-4E4F-8806-C7348EBD9D1D}
		{4EE1FD35-D36D-432A-BFC3-3920D5322CE2} = {FD7284A8-A2AD-4E4F-8806-C7348EBD9D1D}
		{ECA11CDE-9F47-4579-AE8F-9243AA1AF054} = {FD7284A8-A2AD-4E4F-8806-C7348EBD9D1D}
		{C58751B4-4566-4CFC-91D5-9DDCF71F99A6} = {89927184-1F9B-4EED-A227-743D65ACCE0B}
		{013173A4-6844-4845-B8DF-A92539891E77} = {2E5FFC90-424A-4384-BAC9-ED13B6E5BACC}
		{C88377A6-7668-448C-BFFD-8C1548336603} = {013173A4-6844-4845-B8DF-A92539891E77}
		{AEA84E79-5716-4CBF-85DF-5B29A6A2474C} = {013173A4-6844-4845-B8DF-A92539891E77}
		{55EFDF21-7F64-4558-BE1F-5B808A740C86} = {013173A4-6844-4845-B8DF-A92539891E77}
		{21646A2A-A58B-4DBC-AB2A-978876403458} = {013173A4-6844-4845-B8DF-A92539891E77}
		{AF07FD78-18C2-4B73-A0D3-96233BEC2E6B} = {013173A4-6844-4845-B8DF-A92539891E77}
		{EB84C0B6-8350-4B08-9F2B-21C764E74C69} = {2E5FFC90-424A-4384-BAC9-ED13B6E5BACC}
		{41D4855D-337E-4DE9-B63F-41F966C3606E} = {EB84C0B6-8350-4B08-9F2B-21C764E74C69}
		{3C82FEB6-DEC1-437C-B17D-1E018B4CA166} = {FD7284A8-A2AD-4E4F-8806-C7348EBD9D1D}
		{A08632F3-95E8-4992-AD26-212CD060AC75} = {28970F2E-4836-4C18-8177-E3858A75DCB0}
	EndGlobalSection
	GlobalSection(ExtensibilityGlobals) = postSolution
		SolutionGuid = {20405771-AE3F-4B1E-8BE7-AED2718C78FF}
	EndGlobalSection
EndGlobal
